
Microsoft Visual Studio Solution File, Format Version 12.00
# Visual Studio Version 16
VisualStudioVersion = 16.0.33529.622
MinimumVisualStudioVersion = 10.0.40219.1
Project("{FAE04EC0-301F-11D3-BF4B-00C04F79EFBC}") = "DotnetWorkflows_Customization", "DotnetWorkflows_Customization\DotnetWorkflows_Customization.csproj", "{E33E06F2-1545-4FC8-A9E7-52C5EDDF2D60}"
EndProject
Project("{FAE04EC0-301F-11D3-BF4B-00C04F79EFBC}") = "Create_Number_Auto_Workflow", "Create_Number_Auto_Workflow\Create_Number_Auto_Workflow.csproj", "{874847BC-D3C6-4BD4-83C4-86172748F8A9}"
EndProject
Global
	GlobalSection(SolutionConfigurationPlatforms) = preSolution
		Debug|Any CPU = Debug|Any CPU
		Release|Any CPU = Release|Any CPU
	EndGlobalSection
	GlobalSection(ProjectConfigurationPlatforms) = postSolution
		{E33E06F2-1545-4FC8-A9E7-52C5EDDF2D60}.Debug|Any CPU.ActiveCfg = Debug|Any CPU
		{E33E06F2-1545-4FC8-A9E7-52C5EDDF2D60}.Debug|Any CPU.Build.0 = Debug|Any CPU
		{E33E06F2-1545-4FC8-A9E7-52C5EDDF2D60}.Release|Any CPU.ActiveCfg = Release|Any CPU
		{E33E06F2-1545-4FC8-A9E7-52C5EDDF2D60}.Release|Any CPU.Build.0 = Release|Any CPU
		{874847BC-D3C6-4BD4-83C4-86172748F8A9}.Debug|Any CPU.ActiveCfg = Debug|Any CPU
		{874847BC-D3C6-4BD4-83C4-86172748F8A9}.Debug|Any CPU.Build.0 = Debug|Any CPU
		{874847BC-D3C6-4BD4-83C4-86172748F8A9}.Release|Any CPU.ActiveCfg = Release|Any CPU
		{874847BC-D3C6-4BD4-83C4-86172748F8A9}.Release|Any CPU.Build.0 = Release|Any CPU
	EndGlobalSection
	GlobalSection(SolutionProperties) = preSolution
		HideSolutionNode = FALSE
	EndGlobalSection
	GlobalSection(ExtensibilityGlobals) = postSolution
		SolutionGuid = {ECAF001D-E7FD-40DC-A68E-2CF8A668A1A8}
	EndGlobalSection
EndGlobal
