
Microsoft Visual Studio Solution File, Format Version 12.00
# Visual Studio Version 16
VisualStudioVersion = 16.0.33920.266
MinimumVisualStudioVersion = 10.0.40219.1
Project("{FAE04EC0-301F-11D3-BF4B-00C04F79EFBC}") = "TaxExampleWorkflowTest", "TaxExampleWorkflowTest\TaxExampleWorkflowTest.csproj", "{82DDF10D-5C9B-48FB-8613-CDF348F94DCF}"
EndProject
Global
	GlobalSection(SolutionConfigurationPlatforms) = preSolution
		Debug|Any CPU = Debug|Any CPU
		Release|Any CPU = Release|Any CPU
	EndGlobalSection
	GlobalSection(ProjectConfigurationPlatforms) = postSolution
		{82DDF10D-5C9B-48FB-8613-CDF348F94DCF}.Debug|Any CPU.ActiveCfg = Debug|Any CPU
		{82DDF10D-5C9B-48FB-8613-CDF348F94DCF}.Debug|Any CPU.Build.0 = Debug|Any CPU
		{82DDF10D-5C9B-48FB-8613-CDF348F94DCF}.Release|Any CPU.ActiveCfg = Release|Any CPU
		{82DDF10D-5C9B-48FB-8613-CDF348F94DCF}.Release|Any CPU.Build.0 = Release|Any CPU
	EndGlobalSection
	GlobalSection(SolutionProperties) = preSolution
		HideSolutionNode = FALSE
	EndGlobalSection
	GlobalSection(ExtensibilityGlobals) = postSolution
		SolutionGuid = {87682A94-7E98-4BAA-824A-E95F3092E79C}
	EndGlobalSection
EndGlobal
