
Microsoft Visual Studio Solution File, Format Version 12.00
# Visual Studio Version 16
VisualStudioVersion = 16.0.33328.57
MinimumVisualStudioVersion = 10.0.40219.1
Project("{FAE04EC0-301F-11D3-BF4B-00C04F79EFBC}") = "CreateTaskforLead", "CreateTaskforLead\CreateTaskforLead.csproj", "{C76C63D0-E17A-4098-9154-7C6889564C3F}"
EndProject
Global
	GlobalSection(SolutionConfigurationPlatforms) = preSolution
		Debug|Any CPU = Debug|Any CPU
		Release|Any CPU = Release|Any CPU
	EndGlobalSection
	GlobalSection(ProjectConfigurationPlatforms) = postSolution
		{C76C63D0-E17A-4098-9154-7C6889564C3F}.Debug|Any CPU.ActiveCfg = Debug|Any CPU
		{C76C63D0-E17A-4098-9154-7C6889564C3F}.Debug|Any CPU.Build.0 = Debug|Any CPU
		{C76C63D0-E17A-4098-9154-7C6889564C3F}.Release|Any CPU.ActiveCfg = Release|Any CPU
		{C76C63D0-E17A-4098-9154-7C6889564C3F}.Release|Any CPU.Build.0 = Release|Any CPU
	EndGlobalSection
	GlobalSection(SolutionProperties) = preSolution
		HideSolutionNode = FALSE
	EndGlobalSection
	GlobalSection(ExtensibilityGlobals) = postSolution
		SolutionGuid = {036940BE-1016-47AC-9435-6AB6A8C75DC6}
	EndGlobalSection
EndGlobal
